# THIS IS AN AUTOGENERATED FILE. DO NOT EDIT THIS FILE DIRECTLY.
# yarn lockfile v1


"@babel/runtime@^7.18.6":
  version "7.21.0"
  resolved "https://registry.yarnpkg.com/@babel/runtime/-/runtime-7.21.0.tgz#5b55c9d394e5fcf304909a8b00c07dc217b56673"
  integrity sha512-xwII0//EObnq89Ji5AKYQaRYiW/nZ3llSv29d49IuxPhKbtJoLP+9QUUZ4nVragQVtaVGeZrpB+ZtG/Pdy/POw==
  dependencies:
    regenerator-runtime "^0.13.11"

"@codemirror/autocomplete@^6.0.0", "@codemirror/autocomplete@^6.3.2":
  version "6.4.2"
  resolved "https://registry.yarnpkg.com/@codemirror/autocomplete/-/autocomplete-6.4.2.tgz#938b25223bd21f97b2a6d85474643355f98b505b"
  integrity sha512-8WE2xp+D0MpWEv5lZ6zPW1/tf4AGb358T5GWYiKEuCP8MvFfT3tH2mIF9Y2yr2e3KbHuSvsVhosiEyqCpiJhZQ==
  dependencies:
    "@codemirror/language" "^6.0.0"
    "@codemirror/state" "^6.0.0"
    "@codemirror/view" "^6.6.0"
    "@lezer/common" "^1.0.0"

"@codemirror/commands@^6.0.0", "@codemirror/commands@^6.1.0":
  version "6.2.2"
  resolved "https://registry.yarnpkg.com/@codemirror/commands/-/commands-6.2.2.tgz#437d9ba275107dbc629f0bfa3b150e0e43f2a218"
  integrity sha512-s9lPVW7TxXrI/7voZ+HmD/yiAlwAYn9PH5SUVSUhsxXHhv4yl5eZ3KLntSoTynfdgVYM0oIpccQEWRBQgmNZyw==
  dependencies:
    "@codemirror/language" "^6.0.0"
    "@codemirror/state" "^6.2.0"
    "@codemirror/view" "^6.0.0"
    "@lezer/common" "^1.0.0"

"@codemirror/lang-cpp@^6.0.0", "@codemirror/lang-cpp@~6.0.0":
  version "6.0.2"
  resolved "https://registry.yarnpkg.com/@codemirror/lang-cpp/-/lang-cpp-6.0.2.tgz#076c98340c3beabde016d7d83e08eebe17254ef9"
  integrity sha512-6oYEYUKHvrnacXxWxYa6t4puTlbN3dgV662BDfSH8+MfjQjVmP697/KYTDOqpxgerkvoNm7q5wlFMBeX8ZMocg==
  dependencies:
    "@codemirror/language" "^6.0.0"
    "@lezer/cpp" "^1.0.0"

"@codemirror/lang-css@^6.0.0":
  version "6.1.1"
  resolved "https://registry.yarnpkg.com/@codemirror/lang-css/-/lang-css-6.1.1.tgz#8c4414d399df14e796f9891a8152e411264ef535"
  integrity sha512-P6jdNEHyRcqqDgbvHYyC9Wxkek0rnG3a9aVSRi4a7WrjPbQtBTaOmvYpXmm13zZMAatO4Oqpac+0QZs7sy+LnQ==
  dependencies:
    "@codemirror/autocomplete" "^6.0.0"
    "@codemirror/language" "^6.0.0"
    "@codemirror/state" "^6.0.0"
    "@lezer/css" "^1.0.0"

"@codemirror/lang-html@^6.0.0", "@codemirror/lang-html@~6.4.0":
  version "6.4.2"
  resolved "https://registry.yarnpkg.com/@codemirror/lang-html/-/lang-html-6.4.2.tgz#3c7117e45bae009bc7bc08eef8a79b5d05930d83"
  integrity sha512-bqCBASkteKySwtIbiV/WCtGnn/khLRbbiV5TE+d9S9eQJD7BA4c5dTRm2b3bVmSpilff5EYxvB4PQaZzM/7cNw==
  dependencies:
    "@codemirror/autocomplete" "^6.0.0"
    "@codemirror/lang-css" "^6.0.0"
    "@codemirror/lang-javascript" "^6.0.0"
    "@codemirror/language" "^6.4.0"
    "@codemirror/state" "^6.0.0"
    "@codemirror/view" "^6.2.2"
    "@lezer/common" "^1.0.0"
    "@lezer/css" "^1.1.0"
    "@lezer/html" "^1.3.0"

"@codemirror/lang-java@^6.0.0", "@codemirror/lang-java@~6.0.0":
  version "6.0.1"
  resolved "https://registry.yarnpkg.com/@codemirror/lang-java/-/lang-java-6.0.1.tgz#03bd06334da7c8feb9dff6db01ac6d85bd2e48bb"
  integrity sha512-OOnmhH67h97jHzCuFaIEspbmsT98fNdhVhmA3zCxW0cn7l8rChDhZtwiwJ/JOKXgfm4J+ELxQihxaI7bj7mJRg==
  dependencies:
    "@codemirror/language" "^6.0.0"
    "@lezer/java" "^1.0.0"

"@codemirror/lang-javascript@^6.0.0", "@codemirror/lang-javascript@~6.1.0":
  version "6.1.4"
  resolved "https://registry.yarnpkg.com/@codemirror/lang-javascript/-/lang-javascript-6.1.4.tgz#8a41f4d213e1143b4eef6f65f8b77b349aaf894c"
  integrity sha512-OxLf7OfOZBTMRMi6BO/F72MNGmgOd9B0vetOLvHsDACFXayBzW8fm8aWnDM0yuy68wTK03MBf4HbjSBNRG5q7A==
  dependencies:
    "@codemirror/autocomplete" "^6.0.0"
    "@codemirror/language" "^6.6.0"
    "@codemirror/lint" "^6.0.0"
    "@codemirror/state" "^6.0.0"
    "@codemirror/view" "^6.0.0"
    "@lezer/common" "^1.0.0"
    "@lezer/javascript" "^1.0.0"

"@codemirror/lang-json@^6.0.0", "@codemirror/lang-json@~6.0.0":
  version "6.0.1"
  resolved "https://registry.yarnpkg.com/@codemirror/lang-json/-/lang-json-6.0.1.tgz#0a0be701a5619c4b0f8991f9b5e95fe33f462330"
  integrity sha512-+T1flHdgpqDDlJZ2Lkil/rLiRy684WMLc74xUnjJH48GQdfJo/pudlTRreZmKwzP8/tGdKf83wlbAdOCzlJOGQ==
  dependencies:
    "@codemirror/language" "^6.0.0"
    "@lezer/json" "^1.0.0"

"@codemirror/lang-lezer@~6.0.0":
  version "6.0.1"
  resolved "https://registry.yarnpkg.com/@codemirror/lang-lezer/-/lang-lezer-6.0.1.tgz#16a5909ab8ab4a23e9b214476413dc92a3191780"
  integrity sha512-WHwjI7OqKFBEfkunohweqA5B/jIlxaZso6Nl3weVckz8EafYbPZldQEKSDb4QQ9H9BUkle4PVELP4sftKoA0uQ==
  dependencies:
    "@codemirror/language" "^6.0.0"
    "@codemirror/state" "^6.0.0"
    "@lezer/common" "^1.0.0"
    "@lezer/lezer" "^1.0.0"

"@codemirror/lang-markdown@^6.0.0":
  version "6.1.0"
  resolved "https://registry.yarnpkg.com/@codemirror/lang-markdown/-/lang-markdown-6.1.0.tgz#218a6ddcd6ea25039e143058fbc95cfd82f003b4"
  integrity sha512-HQDJg1Js19fPKKsI3Rp1X0J6mxyrRy2NX6+Evh0+/jGm6IZHL5ygMGKBYNWKXodoDQFvgdofNRG33gWOwV59Ag==
  dependencies:
    "@codemirror/lang-html" "^6.0.0"
    "@codemirror/language" "^6.3.0"
    "@codemirror/state" "^6.0.0"
    "@codemirror/view" "^6.0.0"
    "@lezer/common" "^1.0.0"
    "@lezer/markdown" "^1.0.0"

"@codemirror/lang-markdown@~6.0.0":
  version "6.0.5"
  resolved "https://registry.yarnpkg.com/@codemirror/lang-markdown/-/lang-markdown-6.0.5.tgz#61393c7e2552528daee6aa4eca63428aa00832bd"
  integrity sha512-qH0THRYc2M7pIJoAp6jstXZkv8ZMVhNaBm7Bs4+0SLHhHlwX53txFy98AcPwrfq0Sh8Zi6RAuj9j/GyL8E1MKw==
  dependencies:
    "@codemirror/lang-html" "^6.0.0"
    "@codemirror/language" "^6.3.0"
    "@codemirror/state" "^6.0.0"
    "@codemirror/view" "^6.0.0"
    "@lezer/common" "^1.0.0"
    "@lezer/markdown" "^1.0.0"

"@codemirror/lang-php@^6.0.0", "@codemirror/lang-php@~6.0.0":
  version "6.0.1"
  resolved "https://registry.yarnpkg.com/@codemirror/lang-php/-/lang-php-6.0.1.tgz#fa34cc75562178325861a5731f79bd621f57ffaa"
  integrity sha512-ublojMdw/PNWa7qdN5TMsjmqkNuTBD3k6ndZ4Z0S25SBAiweFGyY68AS3xNcIOlb6DDFDvKlinLQ40vSLqf8xA==
  dependencies:
    "@codemirror/lang-html" "^6.0.0"
    "@codemirror/language" "^6.0.0"
    "@codemirror/state" "^6.0.0"
    "@lezer/common" "^1.0.0"
    "@lezer/php" "^1.0.0"

"@codemirror/lang-python@^6.0.0", "@codemirror/lang-python@~6.1.0":
  version "6.1.2"
  resolved "https://registry.yarnpkg.com/@codemirror/lang-python/-/lang-python-6.1.2.tgz#cabb57529679981f170491833dbf798576e7ab18"
  integrity sha512-nbQfifLBZstpt6Oo4XxA2LOzlSp4b/7Bc5cmodG1R+Cs5PLLCTUvsMNWDnziiCfTOG/SW1rVzXq/GbIr6WXlcw==
  dependencies:
    "@codemirror/autocomplete" "^6.3.2"
    "@codemirror/language" "^6.0.0"
    "@lezer/python" "^1.0.0"

"@codemirror/lang-rust@^6.0.0", "@codemirror/lang-rust@~6.0.0":
  version "6.0.1"
  resolved "https://registry.yarnpkg.com/@codemirror/lang-rust/-/lang-rust-6.0.1.tgz#d6829fc7baa39a15bcd174a41a9e0a1bf7cf6ba8"
  integrity sha512-344EMWFBzWArHWdZn/NcgkwMvZIWUR1GEBdwG8FEp++6o6vT6KL9V7vGs2ONsKxxFUPXKI0SPcWhyYyl2zPYxQ==
  dependencies:
    "@codemirror/language" "^6.0.0"
    "@lezer/rust" "^1.0.0"

"@codemirror/lang-sql@^6.0.0", "@codemirror/lang-sql@~6.4.0":
  version "6.4.0"
  resolved "https://registry.yarnpkg.com/@codemirror/lang-sql/-/lang-sql-6.4.0.tgz#f9303e511fb9511884f90043e354d5df3bd4b032"
  integrity sha512-UWGK1+zc9+JtkiT+XxHByp4N6VLgLvC2x0tIudrJG26gyNtn0hWOVoB0A8kh/NABPWkKl3tLWDYf2qOBJS9Zdw==
  dependencies:
    "@codemirror/autocomplete" "^6.0.0"
    "@codemirror/language" "^6.0.0"
    "@codemirror/state" "^6.0.0"
    "@lezer/highlight" "^1.0.0"
    "@lezer/lr" "^1.0.0"

"@codemirror/lang-wast@^6.0.0":
  version "6.0.1"
  resolved "https://registry.yarnpkg.com/@codemirror/lang-wast/-/lang-wast-6.0.1.tgz#c15bec84548a5e9b0a43fa69fb63631d087d6047"
  integrity sha512-sQLsqhRjl2MWG3rxZysX+2XAyed48KhLBHLgq9xcKxIJu3npH/G+BIXW5NM5mHeDUjG0jcGh9BcjP0NfMStuzA==
  dependencies:
    "@codemirror/language" "^6.0.0"
    "@lezer/highlight" "^1.0.0"
    "@lezer/lr" "^1.0.0"

"@codemirror/lang-xml@^6.0.0", "@codemirror/lang-xml@~6.0.0":
  version "6.0.2"
  resolved "https://registry.yarnpkg.com/@codemirror/lang-xml/-/lang-xml-6.0.2.tgz#66f75390bf8013fd8645db9cdd0b1d177e0777a4"
  integrity sha512-JQYZjHL2LAfpiZI2/qZ/qzDuSqmGKMwyApYmEUUCTxLM4MWS7sATUEfIguZQr9Zjx/7gcdnewb039smF6nC2zw==
  dependencies:
    "@codemirror/autocomplete" "^6.0.0"
    "@codemirror/language" "^6.4.0"
    "@codemirror/state" "^6.0.0"
    "@lezer/common" "^1.0.0"
    "@lezer/xml" "^1.0.0"

"@codemirror/language-data@>=6.0.0":
  version "6.1.0"
  resolved "https://registry.yarnpkg.com/@codemirror/language-data/-/language-data-6.1.0.tgz#479eff66289a6453493f7c8213d7b2ceb95c89f6"
  integrity sha512-g9V23fuLRI9AEbpM6bDy1oquqgpFlIDHTihUhL21NPmxp+x67ZJbsKk+V71W7/Bj8SCqEO1PtqQA/tDGgt1nfw==
  dependencies:
    "@codemirror/lang-cpp" "^6.0.0"
    "@codemirror/lang-css" "^6.0.0"
    "@codemirror/lang-html" "^6.0.0"
    "@codemirror/lang-java" "^6.0.0"
    "@codemirror/lang-javascript" "^6.0.0"
    "@codemirror/lang-json" "^6.0.0"
    "@codemirror/lang-markdown" "^6.0.0"
    "@codemirror/lang-php" "^6.0.0"
    "@codemirror/lang-python" "^6.0.0"
    "@codemirror/lang-rust" "^6.0.0"
    "@codemirror/lang-sql" "^6.0.0"
    "@codemirror/lang-wast" "^6.0.0"
    "@codemirror/lang-xml" "^6.0.0"
    "@codemirror/language" "^6.0.0"
    "@codemirror/legacy-modes" "^6.1.0"

"@codemirror/language@^6.0.0", "@codemirror/language@^6.3.0", "@codemirror/language@^6.4.0", "@codemirror/language@^6.6.0":
  version "6.6.0"
  resolved "https://registry.yarnpkg.com/@codemirror/language/-/language-6.6.0.tgz#2204407174a38a68053715c19e28ad61f491779f"
  integrity sha512-cwUd6lzt3MfNYOobdjf14ZkLbJcnv4WtndYaoBkbor/vF+rCNguMPK0IRtvZJG4dsWiaWPcK8x1VijhvSxnstg==
  dependencies:
    "@codemirror/state" "^6.0.0"
    "@codemirror/view" "^6.0.0"
    "@lezer/common" "^1.0.0"
    "@lezer/highlight" "^1.0.0"
    "@lezer/lr" "^1.0.0"
    style-mod "^4.0.0"

"@codemirror/legacy-modes@>=6.0.0", "@codemirror/legacy-modes@^6.1.0":
  version "6.3.1"
  resolved "https://registry.yarnpkg.com/@codemirror/legacy-modes/-/legacy-modes-6.3.1.tgz#77ab3f3db1ce3e47aad7a5baac3a4b12844734a5"
  integrity sha512-icXmCs4Mhst2F8mE0TNpmG6l7YTj1uxam3AbZaFaabINH5oWAdg2CfR/PVi+d/rqxJ+TuTnvkKK5GILHrNThtw==
  dependencies:
    "@codemirror/language" "^6.0.0"

"@codemirror/lint@^6.0.0":
  version "6.2.0"
  resolved "https://registry.yarnpkg.com/@codemirror/lint/-/lint-6.2.0.tgz#25cdab7425fcda1b38a9d63f230f833c8b6b369f"
  integrity sha512-KVCECmR2fFeYBr1ZXDVue7x3q5PMI0PzcIbA+zKufnkniMBo1325t0h1jM85AKp8l3tj67LRxVpZfgDxEXlQkg==
  dependencies:
    "@codemirror/state" "^6.0.0"
    "@codemirror/view" "^6.0.0"
    crelt "^1.0.5"

"@codemirror/search@^6.0.0":
  version "6.2.3"
  resolved "https://registry.yarnpkg.com/@codemirror/search/-/search-6.2.3.tgz#fab933fef1b1de8ef40cda275c73d9ac7a1ff40f"
  integrity sha512-V9n9233lopQhB1dyjsBK2Wc1i+8hcCqxl1wQ46c5HWWLePoe4FluV3TGHoZ04rBRlGjNyz9DTmpJErig8UE4jw==
  dependencies:
    "@codemirror/state" "^6.0.0"
    "@codemirror/view" "^6.0.0"
    crelt "^1.0.5"

"@codemirror/state@^6.0.0", "@codemirror/state@^6.1.1", "@codemirror/state@^6.1.4", "@codemirror/state@^6.2.0":
  version "6.2.0"
  resolved "https://registry.yarnpkg.com/@codemirror/state/-/state-6.2.0.tgz#a0fb08403ced8c2a68d1d0acee926bd20be922f2"
  integrity sha512-69QXtcrsc3RYtOtd+GsvczJ319udtBf1PTrr2KbLWM/e2CXUPnh0Nz9AUo8WfhSQ7GeL8dPVNUmhQVgpmuaNGA==

"@codemirror/theme-one-dark@^6.0.0":
  version "6.1.1"
  resolved "https://registry.yarnpkg.com/@codemirror/theme-one-dark/-/theme-one-dark-6.1.1.tgz#76600555cbb314c495216f018f75b0c28daff158"
  integrity sha512-+CfzmScfJuD6uDF5bHJkAjWTQ2QAAHxODCPxUEgcImDYcJLT+4l5vLnBHmDVv46kCC5uUJGMrBJct2Z6JbvqyQ==
  dependencies:
    "@codemirror/language" "^6.0.0"
    "@codemirror/state" "^6.0.0"
    "@codemirror/view" "^6.0.0"
    "@lezer/highlight" "^1.0.0"

"@codemirror/view@^6.0.0", "@codemirror/view@^6.2.2", "@codemirror/view@^6.6.0":
  version "6.9.2"
  resolved "https://registry.yarnpkg.com/@codemirror/view/-/view-6.9.2.tgz#c8ceb4ea36f17bb20fdecbe7534162d4b83185e9"
  integrity sha512-ci0r/v6aKOSlzOs7/STMTYP3jX/+YMq2dAfAJcLIB6uom4ThtrUlzeuS7GTRGNqJJ+qAJR1vGWfXgu4CO/0myQ==
  dependencies:
    "@codemirror/state" "^6.1.4"
    style-mod "^4.0.0"
    w3c-keyname "^2.2.4"

"@lezer/common@^1.0.0":
  version "1.0.2"
  resolved "https://registry.yarnpkg.com/@lezer/common/-/common-1.0.2.tgz#8fb9b86bdaa2ece57e7d59e5ffbcb37d71815087"
  integrity sha512-SVgiGtMnMnW3ActR8SXgsDhw7a0w0ChHSYAyAUxxrOiJ1OqYWEKk/xJd84tTSPo1mo6DXLObAJALNnd0Hrv7Ng==

"@lezer/cpp@^1.0.0":
  version "1.1.0"
  resolved "https://registry.yarnpkg.com/@lezer/cpp/-/cpp-1.1.0.tgz#5aaecac684437925d650252d7e9d97acf8f8f095"
  integrity sha512-zUHrjNFuY/DOZCkOBJ6qItQIkcopHM/Zv/QOE0a4XNG3HDNahxTNu5fQYl8dIuKCpxCqRdMl5cEwl5zekFc7BA==
  dependencies:
    "@lezer/highlight" "^1.0.0"
    "@lezer/lr" "^1.0.0"

"@lezer/css@^1.0.0", "@lezer/css@^1.1.0":
  version "1.1.1"
  resolved "https://registry.yarnpkg.com/@lezer/css/-/css-1.1.1.tgz#c36dcb0789317cb80c3740767dd3b85e071ad082"
  integrity sha512-mSjx+unLLapEqdOYDejnGBokB5+AiJKZVclmud0MKQOKx3DLJ5b5VTCstgDDknR6iIV4gVrN6euzsCnj0A2gQA==
  dependencies:
    "@lezer/highlight" "^1.0.0"
    "@lezer/lr" "^1.0.0"

"@lezer/highlight@^1.0.0", "@lezer/highlight@^1.1.3":
  version "1.1.3"
  resolved "https://registry.yarnpkg.com/@lezer/highlight/-/highlight-1.1.3.tgz#bf5a36c2ee227f526d74997ac91f7777e29bd25d"
  integrity sha512-3vLKLPThO4td43lYRBygmMY18JN3CPh9w+XS2j8WC30vR4yZeFG4z1iFe4jXE43NtGqe//zHW5q8ENLlHvz9gw==
  dependencies:
    "@lezer/common" "^1.0.0"

"@lezer/html@^1.3.0":
  version "1.3.3"
  resolved "https://registry.yarnpkg.com/@lezer/html/-/html-1.3.3.tgz#2eddae2ad000f9b184d9fc4686394d0fa0849993"
  integrity sha512-04Fyvu66DjV2EjhDIG1kfDdktn5Pfw56SXPrzKNQH5B2m7BDfc6bDsz+ZJG8dLS3kIPEKbyyq1Sm2/kjeG0+AA==
  dependencies:
    "@lezer/common" "^1.0.0"
    "@lezer/highlight" "^1.0.0"
    "@lezer/lr" "^1.0.0"

"@lezer/java@^1.0.0":
  version "1.0.3"
  resolved "https://registry.yarnpkg.com/@lezer/java/-/java-1.0.3.tgz#393e333fcdb64f7308e0ce120005b0065668e1d2"
  integrity sha512-kKN17wmgP1cgHb8juR4pwVSPMKkDMzY/lAPbBsZ1fpXwbk2sg3N1kIrf0q+LefxgrANaQb/eNO7+m2QPruTFng==
  dependencies:
    "@lezer/highlight" "^1.0.0"
    "@lezer/lr" "^1.0.0"

"@lezer/javascript@^1.0.0":
  version "1.4.1"
  resolved "https://registry.yarnpkg.com/@lezer/javascript/-/javascript-1.4.1.tgz#97a15042c76b5979af6a069fac83cf6485628cbf"
  integrity sha512-Hqx36DJeYhKtdpc7wBYPR0XF56ZzIp0IkMO/zNNj80xcaFOV4Oj/P7TQc/8k2TxNhzl7tV5tXS8ZOCPbT4L3nA==
  dependencies:
    "@lezer/highlight" "^1.1.3"
    "@lezer/lr" "^1.3.0"

"@lezer/json@^1.0.0":
  version "1.0.0"
  resolved "https://registry.yarnpkg.com/@lezer/json/-/json-1.0.0.tgz#848ad9c2c3e812518eb02897edd5a7f649e9c160"
  integrity sha512-zbAuUY09RBzCoCA3lJ1+ypKw5WSNvLqGMtasdW6HvVOqZoCpPr8eWrsGnOVWGKGn8Rh21FnrKRVlJXrGAVUqRw==
  dependencies:
    "@lezer/highlight" "^1.0.0"
    "@lezer/lr" "^1.0.0"

"@lezer/lezer@^1.0.0":
  version "1.1.1"
  resolved "https://registry.yarnpkg.com/@lezer/lezer/-/lezer-1.1.1.tgz#0e48d961dd10f2d72d17d6a3e81d1f80bdf7056a"
  integrity sha512-jwoPZUnnrxsbgCqffX9x4SsiGWfKQ5ru3k+74JrJCTJuGiVrnEnfqVyPJAy11FhKi3InK/qUHNj1MHub6dmawg==
  dependencies:
    "@lezer/highlight" "^1.0.0"
    "@lezer/lr" "^1.0.0"

"@lezer/lr@^1.0.0", "@lezer/lr@^1.1.0", "@lezer/lr@^1.3.0":
  version "1.3.3"
  resolved "https://registry.yarnpkg.com/@lezer/lr/-/lr-1.3.3.tgz#0ac6c889f1235874f33c45a1b9785d7054f60708"
  integrity sha512-JPQe3mwJlzEVqy67iQiiGozhcngbO8QBgpqZM6oL1Wj/dXckrEexpBLeFkq0edtW5IqnPRFxA24BHJni8Js69w==
  dependencies:
    "@lezer/common" "^1.0.0"

"@lezer/markdown@^1.0.0":
  version "1.0.2"
  resolved "https://registry.yarnpkg.com/@lezer/markdown/-/markdown-1.0.2.tgz#8c804a9f6fe1ccca4a20acd2fd9fbe0fae1ae178"
  integrity sha512-8CY0OoZ6V5EzPjSPeJ4KLVbtXdLBd8V6sRCooN5kHnO28ytreEGTyrtU/zUwo/XLRzGr/e1g44KlzKi3yWGB5A==
  dependencies:
    "@lezer/common" "^1.0.0"
    "@lezer/highlight" "^1.0.0"

"@lezer/php@^1.0.0":
  version "1.0.1"
  resolved "https://registry.yarnpkg.com/@lezer/php/-/php-1.0.1.tgz#4496b58c980ca710c0433fd743d27e9964fd74ea"
  integrity sha512-aqdCQJOXJ66De22vzdwnuC502hIaG9EnPK2rSi+ebXyUd+j7GAX1mRjWZOVOmf3GST1YUfUCu6WXDiEgDGOVwA==
  dependencies:
    "@lezer/highlight" "^1.0.0"
    "@lezer/lr" "^1.1.0"

"@lezer/python@^1.0.0":
  version "1.1.2"
  resolved "https://registry.yarnpkg.com/@lezer/python/-/python-1.1.2.tgz#1db9faf182ca04815b2c7e0f1ce37104b2564ec5"
  integrity sha512-ukm4VhDasFX7/9BUYHTyUNXH0xQ5B7/QBlZD8P51+dh6GtXRSCQqNxloez5d+MxVb2Sg+31S8E/33qoFREfkpA==
  dependencies:
    "@lezer/highlight" "^1.0.0"
    "@lezer/lr" "^1.0.0"

"@lezer/rust@^1.0.0":
  version "1.0.0"
  resolved "https://registry.yarnpkg.com/@lezer/rust/-/rust-1.0.0.tgz#939f3e7b0376ebe13f4ac336ed7d59ca2c8adf52"
  integrity sha512-IpGAxIjNxYmX9ra6GfQTSPegdCAWNeq23WNmrsMMQI7YNSvKtYxO4TX5rgZUmbhEucWn0KTBMeDEPXg99YKtTA==
  dependencies:
    "@lezer/highlight" "^1.0.0"
    "@lezer/lr" "^1.0.0"

"@lezer/xml@^1.0.0":
  version "1.0.1"
  resolved "https://registry.yarnpkg.com/@lezer/xml/-/xml-1.0.1.tgz#c4c738a407db610f0e9c59d0e9b16607cd029591"
  integrity sha512-jMDXrV953sDAUEMI25VNrI9dz94Ai96FfeglytFINhhwQ867HKlCE2jt3AwZTCT7M528WxdDWv/Ty8e9wizwmQ==
  dependencies:
    "@lezer/highlight" "^1.0.0"
    "@lezer/lr" "^1.0.0"

"@uiw/codemirror-extensions-basic-setup@4.19.9":
  version "4.19.9"
  resolved "https://registry.yarnpkg.com/@uiw/codemirror-extensions-basic-setup/-/codemirror-extensions-basic-setup-4.19.9.tgz#9c14901c7165bba9ef9a06d9c7a80d025e9c1ad7"
  integrity sha512-O4yAgVpD3Pon4t4+lwZ2MTGg2TeU/Jv8YzKS9ap4fP/WMTVrKmpdq+DOafbhZSlhmU0XGfQPPJ4WX6rtZgx3Rw==
  dependencies:
    "@codemirror/autocomplete" "^6.0.0"
    "@codemirror/commands" "^6.0.0"
    "@codemirror/language" "^6.0.0"
    "@codemirror/lint" "^6.0.0"
    "@codemirror/search" "^6.0.0"
    "@codemirror/state" "^6.0.0"
    "@codemirror/view" "^6.0.0"

"@uiw/codemirror-extensions-langs@^4.19.9":
  version "4.19.9"
  resolved "https://registry.yarnpkg.com/@uiw/codemirror-extensions-langs/-/codemirror-extensions-langs-4.19.9.tgz#094dabba4b65f91b8b3da9967834c45da3aeae34"
  integrity sha512-K3tJQa8GUAOT6Gma97PZKAsPhUc+2jdGovDfq9VgAivDxVkv9gOmTw46Z6Vgt+vyYMjJxTnag9/qNMdXoiRFvA==
  dependencies:
    "@codemirror/lang-cpp" "~6.0.0"
    "@codemirror/lang-html" "~6.4.0"
    "@codemirror/lang-java" "~6.0.0"
    "@codemirror/lang-javascript" "~6.1.0"
    "@codemirror/lang-json" "~6.0.0"
    "@codemirror/lang-lezer" "~6.0.0"
    "@codemirror/lang-markdown" "~6.0.0"
    "@codemirror/lang-php" "~6.0.0"
    "@codemirror/lang-python" "~6.1.0"
    "@codemirror/lang-rust" "~6.0.0"
    "@codemirror/lang-sql" "~6.4.0"
    "@codemirror/lang-wast" "^6.0.0"
    "@codemirror/lang-xml" "~6.0.0"
    "@codemirror/language-data" ">=6.0.0"
    "@codemirror/legacy-modes" ">=6.0.0"

"@uiw/codemirror-theme-dracula@^4.19.9":
  version "4.19.9"
  resolved "https://registry.yarnpkg.com/@uiw/codemirror-theme-dracula/-/codemirror-theme-dracula-4.19.9.tgz#681e892d17ff1ca5cb9a2fbe7d0a50ebd9513a62"
  integrity sha512-ZOU4WnxrRxFnH1UFK7pQS72OcSL7nY1c3nufVhwSmkQh2ZY8lEsyjAPvQxWS+4oNKFBg2VB2SuNiCO/hPxmmcA==
  dependencies:
    "@uiw/codemirror-themes" "4.19.9"

"@uiw/codemirror-themes@4.19.9":
  version "4.19.9"
  resolved "https://registry.yarnpkg.com/@uiw/codemirror-themes/-/codemirror-themes-4.19.9.tgz#988876213a2e350244ac2a0d479ebb792afbe94d"
  integrity sha512-PH3hl1w42z7GXe/zoD9gSadOGBWyKPl7vHm/8V1PUuHXT21+neyfRc7v0xPwb05pGP6ExfbmPi78y4+g6cHopg==
  dependencies:
    "@codemirror/language" "^6.0.0"
    "@codemirror/state" "^6.0.0"
    "@codemirror/view" "^6.0.0"

"@uiw/react-codemirror@^4.19.9":
  version "4.19.9"
  resolved "https://registry.yarnpkg.com/@uiw/react-codemirror/-/react-codemirror-4.19.9.tgz#c999e35eb2739ff15031a358b675393576909474"
  integrity sha512-U+A1fSfELMFFs5a+ZOPwCJKZMYaMy6QHOfNOOV7WhSveM7GYHT970GjTfs2dn1LlvhebwyK9ei0rCXZdsI9n9Q==
  dependencies:
    "@babel/runtime" "^7.18.6"
    "@codemirror/commands" "^6.1.0"
    "@codemirror/state" "^6.1.1"
    "@codemirror/theme-one-dark" "^6.0.0"
    "@uiw/codemirror-extensions-basic-setup" "4.19.9"
    codemirror "^6.0.0"

codemirror@^6.0.0:
  version "6.0.1"
  resolved "https://registry.yarnpkg.com/codemirror/-/codemirror-6.0.1.tgz#62b91142d45904547ee3e0e0e4c1a79158035a29"
  integrity sha512-J8j+nZ+CdWmIeFIGXEFbFPtpiYacFMDR8GlHK3IyHQJMCaVRfGx9NT+Hxivv1ckLWPvNdZqndbr/7lVhrf/Svg==
  dependencies:
    "@codemirror/autocomplete" "^6.0.0"
    "@codemirror/commands" "^6.0.0"
    "@codemirror/language" "^6.0.0"
    "@codemirror/lint" "^6.0.0"
    "@codemirror/search" "^6.0.0"
    "@codemirror/state" "^6.0.0"
    "@codemirror/view" "^6.0.0"

crelt@^1.0.5:
  version "1.0.5"
  resolved "https://registry.yarnpkg.com/crelt/-/crelt-1.0.5.tgz#57c0d52af8c859e354bace1883eb2e1eb182bb94"
  integrity sha512-+BO9wPPi+DWTDcNYhr/W90myha8ptzftZT+LwcmUbbok0rcP/fequmFYCw8NMoH7pkAZQzU78b3kYrlua5a9eA==

"js-tokens@^3.0.0 || ^4.0.0":
  version "4.0.0"
  resolved "https://registry.yarnpkg.com/js-tokens/-/js-tokens-4.0.0.tgz#19203fb59991df98e3a287050d4647cdeaf32499"
  integrity sha512-RdJUflcE3cUzKiMqQgsCu06FPu9UdIJO0beYbPhHN4k6apgJtifcoCtT9bcxOpYBtpD2kCM6Sbzg4CausW/PKQ==

loose-envify@^1.1.0, loose-envify@^1.4.0:
  version "1.4.0"
  resolved "https://registry.yarnpkg.com/loose-envify/-/loose-envify-1.4.0.tgz#71ee51fa7be4caec1a63839f7e682d8132d30caf"
  integrity sha512-lyuxPGr/Wfhrlem2CL/UcnUc1zcqKAImBDzukY7Y5F/yQiNdko6+fRLevlw1HgMySw7f611UIY408EtxRSoK3Q==
  dependencies:
    js-tokens "^3.0.0 || ^4.0.0"

object-assign@^4.1.1:
  version "4.1.1"
  resolved "https://registry.yarnpkg.com/object-assign/-/object-assign-4.1.1.tgz#2109adc7965887cfc05cbbd442cac8bfbb360863"
  integrity sha1-IQmtx5ZYh8/AXLvUQsrIv7s2CGM=

prop-types@^15.6.2:
  version "15.7.2"
  resolved "https://registry.yarnpkg.com/prop-types/-/prop-types-15.7.2.tgz#52c41e75b8c87e72b9d9360e0206b99dcbffa6c5"
  integrity sha512-8QQikdH7//R2vurIJSutZ1smHYTcLpRWEOlHnzcWHmBYrOGUysKwSsrC89BCiFj3CbrfJ/nXFdJepOVrY1GCHQ==
  dependencies:
    loose-envify "^1.4.0"
    object-assign "^4.1.1"
    react-is "^16.8.1"

react-dom@^16.7.0:
  version "16.14.0"
  resolved "https://registry.yarnpkg.com/react-dom/-/react-dom-16.14.0.tgz#7ad838ec29a777fb3c75c3a190f661cf92ab8b89"
  integrity sha512-1gCeQXDLoIqMgqD3IO2Ah9bnf0w9kzhwN5q4FGnHZ67hBm9yePzB5JJAIQCc8x3pFnNlwFq4RidZggNAAkzWWw==
  dependencies:
    loose-envify "^1.1.0"
    object-assign "^4.1.1"
    prop-types "^15.6.2"
    scheduler "^0.19.1"

react-is@^16.8.1:
  version "16.13.1"
  resolved "https://registry.yarnpkg.com/react-is/-/react-is-16.13.1.tgz#789729a4dc36de2999dc156dd6c1d9c18cea56a4"
  integrity sha512-24e6ynE2H+OKt4kqsOvNd8kBpV65zoxbA4BVsEOB3ARVWQki/DHzaUoC5KuON/BiccDaCCTZBuOcfZs70kR8bQ==

react-json-to-table@^0.1.7:
  version "0.1.7"
  resolved "https://registry.yarnpkg.com/react-json-to-table/-/react-json-to-table-0.1.7.tgz#dc2a9e424678dc32afd22ce5846c12e62ea3b199"
  integrity sha512-mUo8gFS1VquYKm38hQukcQuFjWRfnnmDaGHWg5quQM4Ib+ogWgQV5kEaouvTyIXBK3LZ7Us9O0uqDa4TJdUOtA==
  dependencies:
    react "^16.7.0"
    react-dom "^16.7.0"

react@^16.7.0:
  version "16.14.0"
  resolved "https://registry.yarnpkg.com/react/-/react-16.14.0.tgz#94d776ddd0aaa37da3eda8fc5b6b18a4c9a3114d"
  integrity sha512-0X2CImDkJGApiAlcf0ODKIneSwBPhqJawOa5wCtKbu7ZECrmS26NvtSILynQ66cgkT/RJ4LidJOc3bUESwmU8g==
  dependencies:
    loose-envify "^1.1.0"
    object-assign "^4.1.1"
    prop-types "^15.6.2"

regenerator-runtime@^0.13.11:
  version "0.13.11"
  resolved "https://registry.yarnpkg.com/regenerator-runtime/-/regenerator-runtime-0.13.11.tgz#f6dca3e7ceec20590d07ada785636a90cdca17f9"
  integrity sha512-kY1AZVr2Ra+t+piVaJ4gxaFaReZVH40AKNo7UCX6W+dEwBo/2oZJzqfuN1qLq1oL45o56cPaTXELwrTh8Fpggg==

scheduler@^0.19.1:
  version "0.19.1"
  resolved "https://registry.yarnpkg.com/scheduler/-/scheduler-0.19.1.tgz#4f3e2ed2c1a7d65681f4c854fa8c5a1ccb40f196"
  integrity sha512-n/zwRWRYSUj0/3g/otKDRPMh6qv2SYMWNq85IEa8iZyAv8od9zDYpGSnpBEjNgcMNq6Scbu5KfIPxNF72R/2EA==
  dependencies:
    loose-envify "^1.1.0"
    object-assign "^4.1.1"

style-mod@^4.0.0:
  version "4.0.0"
  resolved "https://registry.yarnpkg.com/style-mod/-/style-mod-4.0.0.tgz#97e7c2d68b592975f2ca7a63d0dd6fcacfe35a01"
  integrity sha512-OPhtyEjyyN9x3nhPsu76f52yUGXiZcgvsrFVtvTkyGRQJ0XK+GPc6ov1z+lRpbeabka+MYEQxOYRnt5nF30aMw==

w3c-keyname@^2.2.4:
  version "2.2.6"
  resolved "https://registry.yarnpkg.com/w3c-keyname/-/w3c-keyname-2.2.6.tgz#8412046116bc16c5d73d4e612053ea10a189c85f"
  integrity sha512-f+fciywl1SJEniZHD6H+kUO8gOnwIr7f4ijKA6+ZvJFjeGi1r4PDLl53Ayud9O/rk64RqgoQine0feoeOU0kXg==
